
Microsoft Visual Studio Solution File, Format Version 12.00
# Visual Studio 15
VisualStudioVersion = 15.0.26730.16
MinimumVisualStudioVersion = 10.0.40219.1
Project("{FAE04EC0-301F-11D3-BF4B-00C04F79EFBC}") = "EE.LiardKenny.BudgetApp.Android", "EE.LiardKenny.BudgetApp\EE.LiardKenny.BudgetApp.Android\EE.LiardKenny.BudgetApp.Android.csproj", "{E0F5929A-9EEF-45F0-B35F-513153C17981}"
EndProject
Project("{FAE04EC0-301F-11D3-BF4B-00C04F79EFBC}") = "EE.LiardKenny.BudgetApp", "EE.LiardKenny.BudgetApp\EE.LiardKenny.BudgetApp\EE.LiardKenny.BudgetApp.csproj", "{487A8320-DF57-4538-B1C8-216C9BA373DD}"
EndProject
Project("{FAE04EC0-301F-11D3-BF4B-00C04F79EFBC}") = "EE.LiardKenny.BudgetApp.UWP", "EE.LiardKenny.BudgetApp\EE.LiardKenny.BudgetApp.UWP\EE.LiardKenny.BudgetApp.UWP.csproj", "{152CD431-97EE-4177-A95A-94838BBEC3D6}"
EndProject
Project("{FAE04EC0-301F-11D3-BF4B-00C04F79EFBC}") = "EE.LiardKenny.BudgetApp.iOS", "EE.LiardKenny.BudgetApp\EE.LiardKenny.BudgetApp.iOS\EE.LiardKenny.BudgetApp.iOS.csproj", "{94B98112-AF44-4B55-A121-FA5CEE3DB0AD}"
EndProject
Global
	GlobalSection(SolutionConfigurationPlatforms) = preSolution
		Ad-Hoc|Any CPU = Ad-Hoc|Any CPU
		Ad-Hoc|ARM = Ad-Hoc|ARM
		Ad-Hoc|iPhone = Ad-Hoc|iPhone
		Ad-Hoc|iPhoneSimulator = Ad-Hoc|iPhoneSimulator
		Ad-Hoc|x64 = Ad-Hoc|x64
		Ad-Hoc|x86 = Ad-Hoc|x86
		AppStore|Any CPU = AppStore|Any CPU
		AppStore|ARM = AppStore|ARM
		AppStore|iPhone = AppStore|iPhone
		AppStore|iPhoneSimulator = AppStore|iPhoneSimulator
		AppStore|x64 = AppStore|x64
		AppStore|x86 = AppStore|x86
		Debug|Any CPU = Debug|Any CPU
		Debug|ARM = Debug|ARM
		Debug|iPhone = Debug|iPhone
		Debug|iPhoneSimulator = Debug|iPhoneSimulator
		Debug|x64 = Debug|x64
		Debug|x86 = Debug|x86
		Release|Any CPU = Release|Any CPU
		Release|ARM = Release|ARM
		Release|iPhone = Release|iPhone
		Release|iPhoneSimulator = Release|iPhoneSimulator
		Release|x64 = Release|x64
		Release|x86 = Release|x86
	EndGlobalSection
	GlobalSection(ProjectConfigurationPlatforms) = postSolution
		{E0F5929A-9EEF-45F0-B35F-513153C17981}.Ad-Hoc|Any CPU.ActiveCfg = Release|Any CPU
		{E0F5929A-9EEF-45F0-B35F-513153C17981}.Ad-Hoc|Any CPU.Build.0 = Release|Any CPU
		{E0F5929A-9EEF-45F0-B35F-513153C17981}.Ad-Hoc|Any CPU.Deploy.0 = Release|Any CPU
		{E0F5929A-9EEF-45F0-B35F-513153C17981}.Ad-Hoc|ARM.ActiveCfg = Release|Any CPU
		{E0F5929A-9EEF-45F0-B35F-513153C17981}.Ad-Hoc|ARM.Build.0 = Release|Any CPU
		{E0F5929A-9EEF-45F0-B35F-513153C17981}.Ad-Hoc|ARM.Deploy.0 = Release|Any CPU
		{E0F5929A-9EEF-45F0-B35F-513153C17981}.Ad-Hoc|iPhone.ActiveCfg = Release|Any CPU
		{E0F5929A-9EEF-45F0-B35F-513153C17981}.Ad-Hoc|iPhone.Build.0 = Release|Any CPU
		{E0F5929A-9EEF-45F0-B35F-513153C17981}.Ad-Hoc|iPhone.Deploy.0 = Release|Any CPU
		{E0F5929A-9EEF-45F0-B35F-513153C17981}.Ad-Hoc|iPhoneSimulator.ActiveCfg = Release|Any CPU
		{E0F5929A-9EEF-45F0-B35F-513153C17981}.Ad-Hoc|iPhoneSimulator.Build.0 = Release|Any CPU
		{E0F5929A-9EEF-45F0-B35F-513153C17981}.Ad-Hoc|iPhoneSimulator.Deploy.0 = Release|Any CPU
		{E0F5929A-9EEF-45F0-B35F-513153C17981}.Ad-Hoc|x64.ActiveCfg = Release|Any CPU
		{E0F5929A-9EEF-45F0-B35F-513153C17981}.Ad-Hoc|x64.Build.0 = Release|Any CPU
		{E0F5929A-9EEF-45F0-B35F-513153C17981}.Ad-Hoc|x64.Deploy.0 = Release|Any CPU
		{E0F5929A-9EEF-45F0-B35F-513153C17981}.Ad-Hoc|x86.ActiveCfg = Release|Any CPU
		{E0F5929A-9EEF-45F0-B35F-513153C17981}.Ad-Hoc|x86.Build.0 = Release|Any CPU
		{E0F5929A-9EEF-45F0-B35F-513153C17981}.Ad-Hoc|x86.Deploy.0 = Release|Any CPU
		{E0F5929A-9EEF-45F0-B35F-513153C17981}.AppStore|Any CPU.ActiveCfg = Release|Any CPU
		{E0F5929A-9EEF-45F0-B35F-513153C17981}.AppStore|Any CPU.Build.0 = Release|Any CPU
		{E0F5929A-9EEF-45F0-B35F-513153C17981}.AppStore|Any CPU.Deploy.0 = Release|Any CPU
		{E0F5929A-9EEF-45F0-B35F-513153C17981}.AppStore|ARM.ActiveCfg = Release|Any CPU
		{E0F5929A-9EEF-45F0-B35F-513153C17981}.AppStore|ARM.Build.0 = Release|Any CPU
		{E0F5929A-9EEF-45F0-B35F-513153C17981}.AppStore|ARM.Deploy.0 = Release|Any CPU
		{E0F5929A-9EEF-45F0-B35F-513153C17981}.AppStore|iPhone.ActiveCfg = Release|Any CPU
		{E0F5929A-9EEF-45F0-B35F-513153C17981}.AppStore|iPhone.Build.0 = Release|Any CPU
		{E0F5929A-9EEF-45F0-B35F-513153C17981}.AppStore|iPhone.Deploy.0 = Release|Any CPU
		{E0F5929A-9EEF-45F0-B35F-513153C17981}.AppStore|iPhoneSimulator.ActiveCfg = Release|Any CPU
		{E0F5929A-9EEF-45F0-B35F-513153C17981}.AppStore|iPhoneSimulator.Build.0 = Release|Any CPU
		{E0F5929A-9EEF-45F0-B35F-513153C17981}.AppStore|iPhoneSimulator.Deploy.0 = Release|Any CPU
		{E0F5929A-9EEF-45F0-B35F-513153C17981}.AppStore|x64.ActiveCfg = Release|Any CPU
		{E0F5929A-9EEF-45F0-B35F-513153C17981}.AppStore|x64.Build.0 = Release|Any CPU
		{E0F5929A-9EEF-45F0-B35F-513153C17981}.AppStore|x64.Deploy.0 = Release|Any CPU
		{E0F5929A-9EEF-45F0-B35F-513153C17981}.AppStore|x86.ActiveCfg = Release|Any CPU
		{E0F5929A-9EEF-45F0-B35F-513153C17981}.AppStore|x86.Build.0 = Release|Any CPU
		{E0F5929A-9EEF-45F0-B35F-513153C17981}.AppStore|x86.Deploy.0 = Release|Any CPU
		{E0F5929A-9EEF-45F0-B35F-513153C17981}.Debug|Any CPU.ActiveCfg = Debug|Any CPU
		{E0F5929A-9EEF-45F0-B35F-513153C17981}.Debug|Any CPU.Build.0 = Debug|Any CPU
		{E0F5929A-9EEF-45F0-B35F-513153C17981}.Debug|Any CPU.Deploy.0 = Debug|Any CPU
		{E0F5929A-9EEF-45F0-B35F-513153C17981}.Debug|ARM.ActiveCfg = Debug|Any CPU
		{E0F5929A-9EEF-45F0-B35F-513153C17981}.Debug|ARM.Build.0 = Debug|Any CPU
		{E0F5929A-9EEF-45F0-B35F-513153C17981}.Debug|ARM.Deploy.0 = Debug|Any CPU
		{E0F5929A-9EEF-45F0-B35F-513153C17981}.Debug|iPhone.ActiveCfg = Debug|Any CPU
		{E0F5929A-9EEF-45F0-B35F-513153C17981}.Debug|iPhone.Build.0 = Debug|Any CPU
		{E0F5929A-9EEF-45F0-B35F-513153C17981}.Debug|iPhone.Deploy.0 = Debug|Any CPU
		{E0F5929A-9EEF-45F0-B35F-513153C17981}.Debug|iPhoneSimulator.ActiveCfg = Debug|Any CPU
		{E0F5929A-9EEF-45F0-B35F-513153C17981}.Debug|iPhoneSimulator.Build.0 = Debug|Any CPU
		{E0F5929A-9EEF-45F0-B35F-513153C17981}.Debug|iPhoneSimulator.Deploy.0 = Debug|Any CPU
		{E0F5929A-9EEF-45F0-B35F-513153C17981}.Debug|x64.ActiveCfg = Debug|Any CPU
		{E0F5929A-9EEF-45F0-B35F-513153C17981}.Debug|x64.Build.0 = Debug|Any CPU
		{E0F5929A-9EEF-45F0-B35F-513153C17981}.Debug|x64.Deploy.0 = Debug|Any CPU
		{E0F5929A-9EEF-45F0-B35F-513153C17981}.Debug|x86.ActiveCfg = Debug|Any CPU
		{E0F5929A-9EEF-45F0-B35F-513153C17981}.Debug|x86.Build.0 = Debug|Any CPU
		{E0F5929A-9EEF-45F0-B35F-513153C17981}.Debug|x86.Deploy.0 = Debug|Any CPU
		{E0F5929A-9EEF-45F0-B35F-513153C17981}.Release|Any CPU.ActiveCfg = Release|Any CPU
		{E0F5929A-9EEF-45F0-B35F-513153C17981}.Release|Any CPU.Build.0 = Release|Any CPU
		{E0F5929A-9EEF-45F0-B35F-513153C17981}.Release|Any CPU.Deploy.0 = Release|Any CPU
		{E0F5929A-9EEF-45F0-B35F-513153C17981}.Release|ARM.ActiveCfg = Release|Any CPU
		{E0F5929A-9EEF-45F0-B35F-513153C17981}.Release|ARM.Build.0 = Release|Any CPU
		{E0F5929A-9EEF-45F0-B35F-513153C17981}.Release|ARM.Deploy.0 = Release|Any CPU
		{E0F5929A-9EEF-45F0-B35F-513153C17981}.Release|iPhone.ActiveCfg = Release|Any CPU
		{E0F5929A-9EEF-45F0-B35F-513153C17981}.Release|iPhone.Build.0 = Release|Any CPU
		{E0F5929A-9EEF-45F0-B35F-513153C17981}.Release|iPhone.Deploy.0 = Release|Any CPU
		{E0F5929A-9EEF-45F0-B35F-513153C17981}.Release|iPhoneSimulator.ActiveCfg = Release|Any CPU
		{E0F5929A-9EEF-45F0-B35F-513153C17981}.Release|iPhoneSimulator.Build.0 = Release|Any CPU
		{E0F5929A-9EEF-45F0-B35F-513153C17981}.Release|iPhoneSimulator.Deploy.0 = Release|Any CPU
		{E0F5929A-9EEF-45F0-B35F-513153C17981}.Release|x64.ActiveCfg = Release|Any CPU
		{E0F5929A-9EEF-45F0-B35F-513153C17981}.Release|x64.Build.0 = Release|Any CPU
		{E0F5929A-9EEF-45F0-B35F-513153C17981}.Release|x64.Deploy.0 = Release|Any CPU
		{E0F5929A-9EEF-45F0-B35F-513153C17981}.Release|x86.ActiveCfg = Release|Any CPU
		{E0F5929A-9EEF-45F0-B35F-513153C17981}.Release|x86.Build.0 = Release|Any CPU
		{E0F5929A-9EEF-45F0-B35F-513153C17981}.Release|x86.Deploy.0 = Release|Any CPU
		{487A8320-DF57-4538-B1C8-216C9BA373DD}.Ad-Hoc|Any CPU.ActiveCfg = Release|Any CPU
		{487A8320-DF57-4538-B1C8-216C9BA373DD}.Ad-Hoc|Any CPU.Build.0 = Release|Any CPU
		{487A8320-DF57-4538-B1C8-216C9BA373DD}.Ad-Hoc|ARM.ActiveCfg = Release|Any CPU
		{487A8320-DF57-4538-B1C8-216C9BA373DD}.Ad-Hoc|ARM.Build.0 = Release|Any CPU
		{487A8320-DF57-4538-B1C8-216C9BA373DD}.Ad-Hoc|iPhone.ActiveCfg = Release|Any CPU
		{487A8320-DF57-4538-B1C8-216C9BA373DD}.Ad-Hoc|iPhone.Build.0 = Release|Any CPU
		{487A8320-DF57-4538-B1C8-216C9BA373DD}.Ad-Hoc|iPhoneSimulator.ActiveCfg = Release|Any CPU
		{487A8320-DF57-4538-B1C8-216C9BA373DD}.Ad-Hoc|iPhoneSimulator.Build.0 = Release|Any CPU
		{487A8320-DF57-4538-B1C8-216C9BA373DD}.Ad-Hoc|x64.ActiveCfg = Release|Any CPU
		{487A8320-DF57-4538-B1C8-216C9BA373DD}.Ad-Hoc|x64.Build.0 = Release|Any CPU
		{487A8320-DF57-4538-B1C8-216C9BA373DD}.Ad-Hoc|x86.ActiveCfg = Release|Any CPU
		{487A8320-DF57-4538-B1C8-216C9BA373DD}.Ad-Hoc|x86.Build.0 = Release|Any CPU
		{487A8320-DF57-4538-B1C8-216C9BA373DD}.AppStore|Any CPU.ActiveCfg = Release|Any CPU
		{487A8320-DF57-4538-B1C8-216C9BA373DD}.AppStore|Any CPU.Build.0 = Release|Any CPU
		{487A8320-DF57-4538-B1C8-216C9BA373DD}.AppStore|ARM.ActiveCfg = Release|Any CPU
		{487A8320-DF57-4538-B1C8-216C9BA373DD}.AppStore|ARM.Build.0 = Release|Any CPU
		{487A8320-DF57-4538-B1C8-216C9BA373DD}.AppStore|iPhone.ActiveCfg = Release|Any CPU
		{487A8320-DF57-4538-B1C8-216C9BA373DD}.AppStore|iPhone.Build.0 = Release|Any CPU
		{487A8320-DF57-4538-B1C8-216C9BA373DD}.AppStore|iPhoneSimulator.ActiveCfg = Release|Any CPU
		{487A8320-DF57-4538-B1C8-216C9BA373DD}.AppStore|iPhoneSimulator.Build.0 = Release|Any CPU
		{487A8320-DF57-4538-B1C8-216C9BA373DD}.AppStore|x64.ActiveCfg = Release|Any CPU
		{487A8320-DF57-4538-B1C8-216C9BA373DD}.AppStore|x64.Build.0 = Release|Any CPU
		{487A8320-DF57-4538-B1C8-216C9BA373DD}.AppStore|x86.ActiveCfg = Release|Any CPU
		{487A8320-DF57-4538-B1C8-216C9BA373DD}.AppStore|x86.Build.0 = Release|Any CPU
		{487A8320-DF57-4538-B1C8-216C9BA373DD}.Debug|Any CPU.ActiveCfg = Debug|Any CPU
		{487A8320-DF57-4538-B1C8-216C9BA373DD}.Debug|Any CPU.Build.0 = Debug|Any CPU
		{487A8320-DF57-4538-B1C8-216C9BA373DD}.Debug|ARM.ActiveCfg = Debug|Any CPU
		{487A8320-DF57-4538-B1C8-216C9BA373DD}.Debug|ARM.Build.0 = Debug|Any CPU
		{487A8320-DF57-4538-B1C8-216C9BA373DD}.Debug|iPhone.ActiveCfg = Debug|Any CPU
		{487A8320-DF57-4538-B1C8-216C9BA373DD}.Debug|iPhone.Build.0 = Debug|Any CPU
		{487A8320-DF57-4538-B1C8-216C9BA373DD}.Debug|iPhoneSimulator.ActiveCfg = Debug|Any CPU
		{487A8320-DF57-4538-B1C8-216C9BA373DD}.Debug|iPhoneSimulator.Build.0 = Debug|Any CPU
		{487A8320-DF57-4538-B1C8-216C9BA373DD}.Debug|x64.ActiveCfg = Debug|Any CPU
		{487A8320-DF57-4538-B1C8-216C9BA373DD}.Debug|x64.Build.0 = Debug|Any CPU
		{487A8320-DF57-4538-B1C8-216C9BA373DD}.Debug|x86.ActiveCfg = Debug|Any CPU
		{487A8320-DF57-4538-B1C8-216C9BA373DD}.Debug|x86.Build.0 = Debug|Any CPU
		{487A8320-DF57-4538-B1C8-216C9BA373DD}.Release|Any CPU.ActiveCfg = Release|Any CPU
		{487A8320-DF57-4538-B1C8-216C9BA373DD}.Release|Any CPU.Build.0 = Release|Any CPU
		{487A8320-DF57-4538-B1C8-216C9BA373DD}.Release|ARM.ActiveCfg = Release|Any CPU
		{487A8320-DF57-4538-B1C8-216C9BA373DD}.Release|ARM.Build.0 = Release|Any CPU
		{487A8320-DF57-4538-B1C8-216C9BA373DD}.Release|iPhone.ActiveCfg = Release|Any CPU
		{487A8320-DF57-4538-B1C8-216C9BA373DD}.Release|iPhone.Build.0 = Release|Any CPU
		{487A8320-DF57-4538-B1C8-216C9BA373DD}.Release|iPhoneSimulator.ActiveCfg = Release|Any CPU
		{487A8320-DF57-4538-B1C8-216C9BA373DD}.Release|iPhoneSimulator.Build.0 = Release|Any CPU
		{487A8320-DF57-4538-B1C8-216C9BA373DD}.Release|x64.ActiveCfg = Release|Any CPU
		{487A8320-DF57-4538-B1C8-216C9BA373DD}.Release|x64.Build.0 = Release|Any CPU
		{487A8320-DF57-4538-B1C8-216C9BA373DD}.Release|x86.ActiveCfg = Release|Any CPU
		{487A8320-DF57-4538-B1C8-216C9BA373DD}.Release|x86.Build.0 = Release|Any CPU
		{152CD431-97EE-4177-A95A-94838BBEC3D6}.Ad-Hoc|Any CPU.ActiveCfg = Release|x86
		{152CD431-97EE-4177-A95A-94838BBEC3D6}.Ad-Hoc|Any CPU.Build.0 = Release|x86
		{152CD431-97EE-4177-A95A-94838BBEC3D6}.Ad-Hoc|Any CPU.Deploy.0 = Release|x86
		{152CD431-97EE-4177-A95A-94838BBEC3D6}.Ad-Hoc|ARM.ActiveCfg = Release|ARM
		{152CD431-97EE-4177-A95A-94838BBEC3D6}.Ad-Hoc|ARM.Build.0 = Release|ARM
		{152CD431-97EE-4177-A95A-94838BBEC3D6}.Ad-Hoc|ARM.Deploy.0 = Release|ARM
		{152CD431-97EE-4177-A95A-94838BBEC3D6}.Ad-Hoc|iPhone.ActiveCfg = Release|x86
		{152CD431-97EE-4177-A95A-94838BBEC3D6}.Ad-Hoc|iPhone.Build.0 = Release|x86
		{152CD431-97EE-4177-A95A-94838BBEC3D6}.Ad-Hoc|iPhone.Deploy.0 = Release|x86
		{152CD431-97EE-4177-A95A-94838BBEC3D6}.Ad-Hoc|iPhoneSimulator.ActiveCfg = Release|x86
		{152CD431-97EE-4177-A95A-94838BBEC3D6}.Ad-Hoc|iPhoneSimulator.Build.0 = Release|x86
		{152CD431-97EE-4177-A95A-94838BBEC3D6}.Ad-Hoc|iPhoneSimulator.Deploy.0 = Release|x86
		{152CD431-97EE-4177-A95A-94838BBEC3D6}.Ad-Hoc|x64.ActiveCfg = Release|x64
		{152CD431-97EE-4177-A95A-94838BBEC3D6}.Ad-Hoc|x64.Build.0 = Release|x64
		{152CD431-97EE-4177-A95A-94838BBEC3D6}.Ad-Hoc|x64.Deploy.0 = Release|x64
		{152CD431-97EE-4177-A95A-94838BBEC3D6}.Ad-Hoc|x86.ActiveCfg = Release|x86
		{152CD431-97EE-4177-A95A-94838BBEC3D6}.Ad-Hoc|x86.Build.0 = Release|x86
		{152CD431-97EE-4177-A95A-94838BBEC3D6}.Ad-Hoc|x86.Deploy.0 = Release|x86
		{152CD431-97EE-4177-A95A-94838BBEC3D6}.AppStore|Any CPU.ActiveCfg = Release|x86
		{152CD431-97EE-4177-A95A-94838BBEC3D6}.AppStore|Any CPU.Build.0 = Release|x86
		{152CD431-97EE-4177-A95A-94838BBEC3D6}.AppStore|Any CPU.Deploy.0 = Release|x86
		{152CD431-97EE-4177-A95A-94838BBEC3D6}.AppStore|ARM.ActiveCfg = Release|ARM
		{152CD431-97EE-4177-A95A-94838BBEC3D6}.AppStore|ARM.Build.0 = Release|ARM
		{152CD431-97EE-4177-A95A-94838BBEC3D6}.AppStore|ARM.Deploy.0 = Release|ARM
		{152CD431-97EE-4177-A95A-94838BBEC3D6}.AppStore|iPhone.ActiveCfg = Release|x86
		{152CD431-97EE-4177-A95A-94838BBEC3D6}.AppStore|iPhone.Build.0 = Release|x86
		{152CD431-97EE-4177-A95A-94838BBEC3D6}.AppStore|iPhone.Deploy.0 = Release|x86
		{152CD431-97EE-4177-A95A-94838BBEC3D6}.AppStore|iPhoneSimulator.ActiveCfg = Release|x86
		{152CD431-97EE-4177-A95A-94838BBEC3D6}.AppStore|iPhoneSimulator.Build.0 = Release|x86
		{152CD431-97EE-4177-A95A-94838BBEC3D6}.AppStore|iPhoneSimulator.Deploy.0 = Release|x86
		{152CD431-97EE-4177-A95A-94838BBEC3D6}.AppStore|x64.ActiveCfg = Release|x64
		{152CD431-97EE-4177-A95A-94838BBEC3D6}.AppStore|x64.Build.0 = Release|x64
		{152CD431-97EE-4177-A95A-94838BBEC3D6}.AppStore|x64.Deploy.0 = Release|x64
		{152CD431-97EE-4177-A95A-94838BBEC3D6}.AppStore|x86.ActiveCfg = Release|x86
		{152CD431-97EE-4177-A95A-94838BBEC3D6}.AppStore|x86.Build.0 = Release|x86
		{152CD431-97EE-4177-A95A-94838BBEC3D6}.AppStore|x86.Deploy.0 = Release|x86
		{152CD431-97EE-4177-A95A-94838BBEC3D6}.Debug|Any CPU.ActiveCfg = Debug|x86
		{152CD431-97EE-4177-A95A-94838BBEC3D6}.Debug|ARM.ActiveCfg = Debug|ARM
		{152CD431-97EE-4177-A95A-94838BBEC3D6}.Debug|ARM.Build.0 = Debug|ARM
		{152CD431-97EE-4177-A95A-94838BBEC3D6}.Debug|ARM.Deploy.0 = Debug|ARM
		{152CD431-97EE-4177-A95A-94838BBEC3D6}.Debug|iPhone.ActiveCfg = Debug|x86
		{152CD431-97EE-4177-A95A-94838BBEC3D6}.Debug|iPhoneSimulator.ActiveCfg = Debug|x86
		{152CD431-97EE-4177-A95A-94838BBEC3D6}.Debug|x64.ActiveCfg = Debug|x64
		{152CD431-97EE-4177-A95A-94838BBEC3D6}.Debug|x64.Build.0 = Debug|x64
		{152CD431-97EE-4177-A95A-94838BBEC3D6}.Debug|x64.Deploy.0 = Debug|x64
		{152CD431-97EE-4177-A95A-94838BBEC3D6}.Debug|x86.ActiveCfg = Debug|x86
		{152CD431-97EE-4177-A95A-94838BBEC3D6}.Debug|x86.Build.0 = Debug|x86
		{152CD431-97EE-4177-A95A-94838BBEC3D6}.Debug|x86.Deploy.0 = Debug|x86
		{152CD431-97EE-4177-A95A-94838BBEC3D6}.Release|Any CPU.ActiveCfg = Release|x86
		{152CD431-97EE-4177-A95A-94838BBEC3D6}.Release|ARM.ActiveCfg = Release|ARM
		{152CD431-97EE-4177-A95A-94838BBEC3D6}.Release|ARM.Build.0 = Release|ARM
		{152CD431-97EE-4177-A95A-94838BBEC3D6}.Release|ARM.Deploy.0 = Release|ARM
		{152CD431-97EE-4177-A95A-94838BBEC3D6}.Release|iPhone.ActiveCfg = Release|x86
		{152CD431-97EE-4177-A95A-94838BBEC3D6}.Release|iPhoneSimulator.ActiveCfg = Release|x86
		{152CD431-97EE-4177-A95A-94838BBEC3D6}.Release|x64.ActiveCfg = Release|x64
		{152CD431-97EE-4177-A95A-94838BBEC3D6}.Release|x64.Build.0 = Release|x64
		{152CD431-97EE-4177-A95A-94838BBEC3D6}.Release|x64.Deploy.0 = Release|x64
		{152CD431-97EE-4177-A95A-94838BBEC3D6}.Release|x86.ActiveCfg = Release|x86
		{152CD431-97EE-4177-A95A-94838BBEC3D6}.Release|x86.Build.0 = Release|x86
		{152CD431-97EE-4177-A95A-94838BBEC3D6}.Release|x86.Deploy.0 = Release|x86
		{94B98112-AF44-4B55-A121-FA5CEE3DB0AD}.Ad-Hoc|Any CPU.ActiveCfg = Ad-Hoc|iPhone
		{94B98112-AF44-4B55-A121-FA5CEE3DB0AD}.Ad-Hoc|ARM.ActiveCfg = Ad-Hoc|iPhone
		{94B98112-AF44-4B55-A121-FA5CEE3DB0AD}.Ad-Hoc|iPhone.ActiveCfg = Ad-Hoc|iPhone
		{94B98112-AF44-4B55-A121-FA5CEE3DB0AD}.Ad-Hoc|iPhone.Build.0 = Ad-Hoc|iPhone
		{94B98112-AF44-4B55-A121-FA5CEE3DB0AD}.Ad-Hoc|iPhoneSimulator.ActiveCfg = Ad-Hoc|iPhoneSimulator
		{94B98112-AF44-4B55-A121-FA5CEE3DB0AD}.Ad-Hoc|iPhoneSimulator.Build.0 = Ad-Hoc|iPhoneSimulator
		{94B98112-AF44-4B55-A121-FA5CEE3DB0AD}.Ad-Hoc|x64.ActiveCfg = Ad-Hoc|iPhone
		{94B98112-AF44-4B55-A121-FA5CEE3DB0AD}.Ad-Hoc|x86.ActiveCfg = Ad-Hoc|iPhone
		{94B98112-AF44-4B55-A121-FA5CEE3DB0AD}.AppStore|Any CPU.ActiveCfg = AppStore|iPhone
		{94B98112-AF44-4B55-A121-FA5CEE3DB0AD}.AppStore|ARM.ActiveCfg = AppStore|iPhone
		{94B98112-AF44-4B55-A121-FA5CEE3DB0AD}.AppStore|iPhone.ActiveCfg = AppStore|iPhone
		{94B98112-AF44-4B55-A121-FA5CEE3DB0AD}.AppStore|iPhone.Build.0 = AppStore|iPhone
		{94B98112-AF44-4B55-A121-FA5CEE3DB0AD}.AppStore|iPhoneSimulator.ActiveCfg = AppStore|iPhoneSimulator
		{94B98112-AF44-4B55-A121-FA5CEE3DB0AD}.AppStore|iPhoneSimulator.Build.0 = AppStore|iPhoneSimulator
		{94B98112-AF44-4B55-A121-FA5CEE3DB0AD}.AppStore|x64.ActiveCfg = AppStore|iPhone
		{94B98112-AF44-4B55-A121-FA5CEE3DB0AD}.AppStore|x86.ActiveCfg = AppStore|iPhone
		{94B98112-AF44-4B55-A121-FA5CEE3DB0AD}.Debug|Any CPU.ActiveCfg = Debug|iPhone
		{94B98112-AF44-4B55-A121-FA5CEE3DB0AD}.Debug|ARM.ActiveCfg = Debug|iPhone
		{94B98112-AF44-4B55-A121-FA5CEE3DB0AD}.Debug|iPhone.ActiveCfg = Debug|iPhone
		{94B98112-AF44-4B55-A121-FA5CEE3DB0AD}.Debug|iPhone.Build.0 = Debug|iPhone
		{94B98112-AF44-4B55-A121-FA5CEE3DB0AD}.Debug|iPhoneSimulator.ActiveCfg = Debug|iPhoneSimulator
		{94B98112-AF44-4B55-A121-FA5CEE3DB0AD}.Debug|iPhoneSimulator.Build.0 = Debug|iPhoneSimulator
		{94B98112-AF44-4B55-A121-FA5CEE3DB0AD}.Debug|x64.ActiveCfg = Debug|iPhone
		{94B98112-AF44-4B55-A121-FA5CEE3DB0AD}.Debug|x86.ActiveCfg = Debug|iPhone
		{94B98112-AF44-4B55-A121-FA5CEE3DB0AD}.Release|Any CPU.ActiveCfg = Release|iPhone
		{94B98112-AF44-4B55-A121-FA5CEE3DB0AD}.Release|ARM.ActiveCfg = Release|iPhone
		{94B98112-AF44-4B55-A121-FA5CEE3DB0AD}.Release|iPhone.ActiveCfg = Release|iPhone
		{94B98112-AF44-4B55-A121-FA5CEE3DB0AD}.Release|iPhone.Build.0 = Release|iPhone
		{94B98112-AF44-4B55-A121-FA5CEE3DB0AD}.Release|iPhoneSimulator.ActiveCfg = Release|iPhoneSimulator
		{94B98112-AF44-4B55-A121-FA5CEE3DB0AD}.Release|iPhoneSimulator.Build.0 = Release|iPhoneSimulator
		{94B98112-AF44-4B55-A121-FA5CEE3DB0AD}.Release|x64.ActiveCfg = Release|iPhone
		{94B98112-AF44-4B55-A121-FA5CEE3DB0AD}.Release|x86.ActiveCfg = Release|iPhone
	EndGlobalSection
	GlobalSection(SolutionProperties) = preSolution
		HideSolutionNode = FALSE
	EndGlobalSection
	GlobalSection(ExtensibilityGlobals) = postSolution
		SolutionGuid = {F9B23909-F61D-4E5F-9576-58BB79D4FC8A}
	EndGlobalSection
EndGlobal
